
Microsoft Visual Studio Solution File, Format Version 12.00
# Visual Studio Version 16
VisualStudioVersion = 16.0.31105.61
MinimumVisualStudioVersion = 10.0.40219.1
Project("{F184B08F-C81C-45F6-A57F-5ABD9991F28F}") = "AppVentas", "AppVentas\AppVentas.vbproj", "{B2D27DAB-B8C4-4263-9DFD-6E41BA6F0D0F}"
EndProject
Global
	GlobalSection(SolutionConfigurationPlatforms) = preSolution
		Debug|Any CPU = Debug|Any CPU
		Release|Any CPU = Release|Any CPU
	EndGlobalSection
	GlobalSection(ProjectConfigurationPlatforms) = postSolution
		{B2D27DAB-B8C4-4263-9DFD-6E41BA6F0D0F}.Debug|Any CPU.ActiveCfg = Debug|Any CPU
		{B2D27DAB-B8C4-4263-9DFD-6E41BA6F0D0F}.Debug|Any CPU.Build.0 = Debug|Any CPU
		{B2D27DAB-B8C4-4263-9DFD-6E41BA6F0D0F}.Release|Any CPU.ActiveCfg = Release|Any CPU
		{B2D27DAB-B8C4-4263-9DFD-6E41BA6F0D0F}.Release|Any CPU.Build.0 = Release|Any CPU
	EndGlobalSection
	GlobalSection(SolutionProperties) = preSolution
		HideSolutionNode = FALSE
	EndGlobalSection
	GlobalSection(ExtensibilityGlobals) = postSolution
		SolutionGuid = {81BEB8F8-6021-4439-BE08-E8F91C45A453}
	EndGlobalSection
EndGlobal
